{
  "name": "payroll-csv",
  "version": "1.0.0",
  "lockfileVersion": 1,
  "requires": true,
  "dependencies": {
    "adm-zip": {
      "version": "0.4.11",
      "resolved": "https://registry.npmjs.org/adm-zip/-/adm-zip-0.4.11.tgz",
      "integrity": "sha512-L8vcjDTCOIJk7wFvmlEUN7AsSb8T+2JrdP7KINBjzr24TJ5Mwj590sLu3BC7zNZowvJWa/JtPmD8eJCzdtDWjA=="
    },
    "async": {
      "version": "1.5.2",
      "resolved": "https://registry.npmjs.org/async/-/async-1.5.2.tgz",
      "integrity": "sha1-7GphrlZIDAw8skHJVhjiCJL5Zyo="
    },
    "bluebird": {
      "version": "2.10.2",
      "resolved": "https://registry.npmjs.org/bluebird/-/bluebird-2.10.2.tgz",
      "integrity": "sha1-AkpVFylTCIV/FPkfEQb8O1VfRGs="
    },
    "commander": {
      "version": "2.19.0",
      "resolved": "https://registry.npmjs.org/commander/-/commander-2.19.0.tgz",
      "integrity": "sha512-6tvAOO+D6OENvRAh524Dh9jcfKTYDQAqvqezbCW82xj5X0pSrcpxtvRKHLG0yBY6SD7PSDrJaj+0AiOcKVd1Xg=="
    },
    "csv-export": {
      "version": "1.0.2",
      "resolved": "https://registry.npmjs.org/csv-export/-/csv-export-1.0.2.tgz",
      "integrity": "sha512-Rq6PV3Q7lsHGZL6qSzwRK3UX51kwEMCJOFyVfO+bVppREFLlDnvCaipJUtZSpBnmB4OzTKzt6Bgy2DD6MpSAIA==",
      "requires": {
        "async": "^1.4.2",
        "json-2-csv": "^1.4.0",
        "lodash": "^3.10.1",
        "path": "^0.11.14",
        "ziptree": "^0.1.0"
      }
    },
    "doc-path": {
      "version": "1.0.8",
      "resolved": "https://registry.npmjs.org/doc-path/-/doc-path-1.0.8.tgz",
      "integrity": "sha1-iMnplMB8ywQPhQgabmAuM+Lu/EE="
    },
    "json-2-csv": {
      "version": "1.5.0",
      "resolved": "https://registry.npmjs.org/json-2-csv/-/json-2-csv-1.5.0.tgz",
      "integrity": "sha1-PS8JurVeAZMpSchfufCzjQE09lU=",
      "requires": {
        "bluebird": "~2.10.1",
        "doc-path": "~1.0.3",
        "underscore": "~1.8.3"
      }
    },
    "lodash": {
      "version": "3.10.1",
      "resolved": "https://registry.npmjs.org/lodash/-/lodash-3.10.1.tgz",
      "integrity": "sha1-W/Rejkm6QYnhfUgnid/RW9FAt7Y="
    },
    "moment": {
      "version": "2.23.0",
      "resolved": "https://registry.npmjs.org/moment/-/moment-2.23.0.tgz",
      "integrity": "sha512-3IE39bHVqFbWWaPOMHZF98Q9c3LDKGTmypMiTM2QygGXXElkFWIH7GxfmlwmY2vwa+wmNsoYZmG2iusf1ZjJoA=="
    },
    "path": {
      "version": "0.11.14",
      "resolved": "https://registry.npmjs.org/path/-/path-0.11.14.tgz",
      "integrity": "sha1-y8dWk1XLPIOv60rOQ+z/lSMeWn0="
    },
    "underscore": {
      "version": "1.8.3",
      "resolved": "https://registry.npmjs.org/underscore/-/underscore-1.8.3.tgz",
      "integrity": "sha1-Tz+1OxBuYJf8+ctBCfKl6b36UCI="
    },
    "ziptree": {
      "version": "0.1.2",
      "resolved": "https://registry.npmjs.org/ziptree/-/ziptree-0.1.2.tgz",
      "integrity": "sha512-KTyV7HjfSZdKDC05QaoRRy0GTeMxTtrFKetPhXD1zsBpvEmiYZYbBK4xgzlJ4H2osJ1iu2TJwiW/UXu9QXqOGw==",
      "requires": {
        "adm-zip": "0.4.11"
      }
    }
  }
}
